Microsoft Visual Studio Solution File, Format Version 12.00
# Visual Studio Version 17
VisualStudioVersion = 17.5.2.0
MinimumVisualStudioVersion = 10.0.40219.1
Project("{FAE04EC0-301F-11D3-BF4B-00C04F79EFBC}") = "GrpcServerA", "GrpcServerA.csproj", "{1224E85B-D5F8-38AD-377D-D1565835B885}"
EndProject
Global
	GlobalSection(SolutionConfigurationPlatforms) = preSolution
		Debug|Any CPU = Debug|Any CPU
		Release|Any CPU = Release|Any CPU
	EndGlobalSection
	GlobalSection(ProjectConfigurationPlatforms) = postSolution
		{1224E85B-D5F8-38AD-377D-D1565835B885}.Debug|Any CPU.ActiveCfg = Debug|Any CPU
		{1224E85B-D5F8-38AD-377D-D1565835B885}.Debug|Any CPU.Build.0 = Debug|Any CPU
		{1224E85B-D5F8-38AD-377D-D1565835B885}.Release|Any CPU.ActiveCfg = Release|Any CPU
		{1224E85B-D5F8-38AD-377D-D1565835B885}.Release|Any CPU.Build.0 = Release|Any CPU
	EndGlobalSection
	GlobalSection(SolutionProperties) = preSolution
		HideSolutionNode = FALSE
	EndGlobalSection
	GlobalSection(ExtensibilityGlobals) = postSolution
		SolutionGuid = {9314DA83-D4A3-4FE0-8991-84566B6DCE23}
	EndGlobalSection
EndGlobal
